
Microsoft Visual Studio Solution File, Format Version 12.00
# Visual Studio Version 17
VisualStudioVersion = 17.3.32708.82
MinimumVisualStudioVersion = 10.0.40219.1
Project("{9A19103F-16F7-4668-BE54-9A1E7A4F7556}") = "HTGR.Web", "HTGR.Web\HTGR.Web.csproj", "{60D57A10-92EF-49EC-8EE9-B4E4DFDAB3B0}"
EndProject
Project("{9A19103F-16F7-4668-BE54-9A1E7A4F7556}") = "HTGR.Models", "HTGR.Models\HTGR.Models.csproj", "{05F8B4AE-2EC1-413D-B8AC-3F4CCC071523}"
EndProject
Global
	GlobalSection(SolutionConfigurationPlatforms) = preSolution
		Debug|Any CPU = Debug|Any CPU
		Release|Any CPU = Release|Any CPU
	EndGlobalSection
	GlobalSection(ProjectConfigurationPlatforms) = postSolution
		{60D57A10-92EF-49EC-8EE9-B4E4DFDAB3B0}.Debug|Any CPU.ActiveCfg = Debug|Any CPU
		{60D57A10-92EF-49EC-8EE9-B4E4DFDAB3B0}.Debug|Any CPU.Build.0 = Debug|Any CPU
		{60D57A10-92EF-49EC-8EE9-B4E4DFDAB3B0}.Release|Any CPU.ActiveCfg = Release|Any CPU
		{60D57A10-92EF-49EC-8EE9-B4E4DFDAB3B0}.Release|Any CPU.Build.0 = Release|Any CPU
		{05F8B4AE-2EC1-413D-B8AC-3F4CCC071523}.Debug|Any CPU.ActiveCfg = Debug|Any CPU
		{05F8B4AE-2EC1-413D-B8AC-3F4CCC071523}.Debug|Any CPU.Build.0 = Debug|Any CPU
		{05F8B4AE-2EC1-413D-B8AC-3F4CCC071523}.Release|Any CPU.ActiveCfg = Release|Any CPU
		{05F8B4AE-2EC1-413D-B8AC-3F4CCC071523}.Release|Any CPU.Build.0 = Release|Any CPU
	EndGlobalSection
	GlobalSection(SolutionProperties) = preSolution
		HideSolutionNode = FALSE
	EndGlobalSection
	GlobalSection(ExtensibilityGlobals) = postSolution
		SolutionGuid = {FE8940CA-357D-4EFE-A080-0D9B61B1E4D8}
	EndGlobalSection
EndGlobal
